
Microsoft Visual Studio Solution File, Format Version 12.00
# Visual Studio Version 17
VisualStudioVersion = 17.8.34525.116
MinimumVisualStudioVersion = 10.0.40219.1
Project("{FAE04EC0-301F-11D3-BF4B-00C04F79EFBC}") = "Project Prn211", "Project Prn211\Project Prn211.csproj", "{6E06BBD6-81DA-479D-B6D3-DC122CAC1333}"
EndProject
Global
	GlobalSection(SolutionConfigurationPlatforms) = preSolution
		Debug|Any CPU = Debug|Any CPU
		Release|Any CPU = Release|Any CPU
	EndGlobalSection
	GlobalSection(ProjectConfigurationPlatforms) = postSolution
		{6E06BBD6-81DA-479D-B6D3-DC122CAC1333}.Debug|Any CPU.ActiveCfg = Debug|Any CPU
		{6E06BBD6-81DA-479D-B6D3-DC122CAC1333}.Debug|Any CPU.Build.0 = Debug|Any CPU
		{6E06BBD6-81DA-479D-B6D3-DC122CAC1333}.Release|Any CPU.ActiveCfg = Release|Any CPU
		{6E06BBD6-81DA-479D-B6D3-DC122CAC1333}.Release|Any CPU.Build.0 = Release|Any CPU
	EndGlobalSection
	GlobalSection(SolutionProperties) = preSolution
		HideSolutionNode = FALSE
	EndGlobalSection
	GlobalSection(ExtensibilityGlobals) = postSolution
		SolutionGuid = {8E25E9D4-BDAA-4B7C-9B43-C18192DA7B71}
	EndGlobalSection
EndGlobal
